{
  "name": "hugo-clarity-docs",
  "version": "0.1.0",
  "lockfileVersion": 1,
  "requires": true,
  "dependencies": {
    "@webcomponents/custom-elements": {
      "version": "1.2.0",
      "resolved": "https://registry.npmjs.org/@webcomponents/custom-elements/-/custom-elements-1.2.0.tgz",
      "integrity": "sha512-KegC4y9/xlZNlEcKNtMmKXxNNMMLROzVntX55NfSgMhaXjwNf8EG8ypA2lt20ZQ/LoL0QuGxMZnf3kO5DdQjEQ==",
      "dev": true
    },
    "clarity-icons": {
      "version": "0.10.28",
      "resolved": "https://registry.npmjs.org/clarity-icons/-/clarity-icons-0.10.28.tgz",
      "integrity": "sha512-EX7vHzqe26n/nttwsVfNKIN6X0eJZBoMojCqQWskp5Hztrf4EO9b8VMrRRhQmJR5Q43n1eO87MijXQVvK5urTQ==",
      "dev": true
    },
    "clarity-ui": {
      "version": "0.10.28",
      "resolved": "https://registry.npmjs.org/clarity-ui/-/clarity-ui-0.10.28.tgz",
      "integrity": "sha512-YXgWiItdpFoEhBodppy3MxyG8zBPF4vyVjOcnkG+I5xCTM4vVG3jNxuNr/SMwWBzt/PHQaLt0YXuA4gvuM5QSg==",
      "dev": true
    }
  }
}
