{
  "name": "hugo-clarity-docs",
  "version": "0.1.0",
  "lockfileVersion": 1,
  "requires": true,
  "dependencies": {
    "@webcomponents/custom-elements": {
      "version": "1.1.1",
      "resolved": "https://registry.npmjs.org/@webcomponents/custom-elements/-/custom-elements-1.1.1.tgz",
      "integrity": "sha512-P3tu+yGrG5QTSDeKAzUmLK+JI3rORzj150PImH2MQtO0THkUwrP5yShQcHRHO3Y2rdJEKfEnen0XwyYt2+NKYg==",
      "dev": true
    },
    "clarity-icons": {
      "version": "0.10.13",
      "resolved": "https://registry.npmjs.org/clarity-icons/-/clarity-icons-0.10.13.tgz",
      "integrity": "sha512-qqF5Sw/SZhavhUTVlu7N4frQAeq7DsmfiGcD5kCpxHaJTpOR4WWOTKtaVGR83IWoTIbtsNUzlwKJNLxxC00ACw==",
      "dev": true
    },
    "clarity-ui": {
      "version": "0.10.28",
      "resolved": "https://registry.npmjs.org/clarity-ui/-/clarity-ui-0.10.28.tgz",
      "integrity": "sha512-YXgWiItdpFoEhBodppy3MxyG8zBPF4vyVjOcnkG+I5xCTM4vVG3jNxuNr/SMwWBzt/PHQaLt0YXuA4gvuM5QSg==",
      "dev": true
    }
  }
}
