{
  "name": "hugo-clarity-docs",
  "version": "0.1.0",
  "lockfileVersion": 1,
  "requires": true,
  "dependencies": {
    "@webcomponents/custom-elements": {
      "version": "1.1.2",
      "resolved": "https://registry.npmjs.org/@webcomponents/custom-elements/-/custom-elements-1.1.2.tgz",
      "integrity": "sha512-gVhuQHLTrQ28v1qMp0WGPSCBukFL7qAlemxCf19TnuNZ0bO9KPF72bfhH6Hpuwdu9TptIMGNlqrr9PzqrzfZFQ==",
      "dev": true
    },
    "clarity-icons": {
      "version": "0.10.13",
      "resolved": "https://registry.npmjs.org/clarity-icons/-/clarity-icons-0.10.13.tgz",
      "integrity": "sha512-qqF5Sw/SZhavhUTVlu7N4frQAeq7DsmfiGcD5kCpxHaJTpOR4WWOTKtaVGR83IWoTIbtsNUzlwKJNLxxC00ACw==",
      "dev": true
    },
    "clarity-ui": {
      "version": "0.10.13",
      "resolved": "https://registry.npmjs.org/clarity-ui/-/clarity-ui-0.10.13.tgz",
      "integrity": "sha512-z9vYEB+jzkpxEDjHM9gKOJkTsqDe5Ph6176L9XvW/LJoxC96IJ92iN67PHU/JVjIRZE9ZwchakPpcXiTaCI37w==",
      "dev": true
    }
  }
}
